// !$*UTF8*$!
{
	archiveVersion = 1;
	classes = {
	};
	objectVersion = 50;
	objects = {

/* Begin PBXBuildFile section */
		38C16C79215D5C2800928184 /* AppDelegate.swift in Sources */ = {isa = PBXBuildFile; fileRef = 38C16C78215D5C2800928184 /* AppDelegate.swift */; };
		38C16C7B215D5C2800928184 /* RecordSoundsViewController.swift in Sources */ = {isa = PBXBuildFile; fileRef = 38C16C7A215D5C2800928184 /* RecordSoundsViewController.swift */; };
		38C16C7E215D5C2800928184 /* Main.storyboard in Resources */ = {isa = PBXBuildFile; fileRef = 38C16C7C215D5C2800928184 /* Main.storyboard */; };
		38C16C80215D5C2B00928184 /* Assets.xcassets in Resources */ = {isa = PBXBuildFile; fileRef = 38C16C7F215D5C2B00928184 /* Assets.xcassets */; };
		38C16C83215D5C2B00928184 /* LaunchScreen.storyboard in Resources */ = {isa = PBXBuildFile; fileRef = 38C16C81215D5C2B00928184 /* LaunchScreen.storyboard */; };
		38C16C8E215D5C2C00928184 /* PitchPerfectTests.swift in Sources */ = {isa = PBXBuildFile; fileRef = 38C16C8D215D5C2C00928184 /* PitchPerfectTests.swift */; };
		38C16C99215D5C2C00928184 /* PitchPerfectUITests.swift in Sources */ = {isa = PBXBuildFile; fileRef = 38C16C98215D5C2C00928184 /* PitchPerfectUITests.swift */; };
		38C16CA7215DB36900928184 /* PlaySoundsViewController.swift in Sources */ = {isa = PBXBuildFile; fileRef = 38C16CA6215DB36900928184 /* PlaySoundsViewController.swift */; };
		38C16CA9215E8D6C00928184 /* playsoundsviewcontroller-audio.swift in Sources */ = {isa = PBXBuildFile; fileRef = 38C16CA8215E8D6C00928184 /* playsoundsviewcontroller-audio.swift */; };
/* End PBXBuildFile section */

/* Begin PBXContainerItemProxy section */
		38C16C8A215D5C2C00928184 /* PBXContainerItemProxy */ = {
			isa = PBXContainerItemProxy;
			containerPortal = 38C16C6D215D5C2800928184 /* Project object */;
			proxyType = 1;
			remoteGlobalIDString = 38C16C74215D5C2800928184;
			remoteInfo = PitchPerfect;
		};
		38C16C95215D5C2C00928184 /* PBXContainerItemProxy */ = {
			isa = PBXContainerItemProxy;
			containerPortal = 38C16C6D215D5C2800928184 /* Project object */;
			proxyType = 1;
			remoteGlobalIDString = 38C16C74215D5C2800928184;
			remoteInfo = PitchPerfect;
		};
/* End PBXContainerItemProxy section */

/* Begin PBXFileReference section */
		38C16C75215D5C2800928184 /* PitchPerfect.app */ = {isa = PBXFileReference; explicitFileType = wrapper.application; includeInIndex = 0; path = PitchPerfect.app; sourceTree = BUILT_PRODUCTS_DIR; };
		38C16C78215D5C2800928184 /* AppDelegate.swift */ = {isa = PBXFileReference; lastKnownFileType = sourcecode.swift; path = AppDelegate.swift; sourceTree = "<group>"; };
		38C16C7A215D5C2800928184 /* RecordSoundsViewController.swift */ = {isa = PBXFileReference; lastKnownFileType = sourcecode.swift; path = RecordSoundsViewController.swift; sourceTree = "<group>"; };
		38C16C7D215D5C2800928184 /* Base */ = {isa = PBXFileReference; lastKnownFileType = file.storyboard; name = Base; path = Base.lproj/Main.storyboard; sourceTree = "<group>"; };
		38C16C7F215D5C2B00928184 /* Assets.xcassets */ = {isa = PBXFileReference; lastKnownFileType = folder.assetcatalog; path = Assets.xcassets; sourceTree = "<group>"; };
		38C16C82215D5C2B00928184 /* Base */ = {isa = PBXFileReference; lastKnownFileType = file.storyboard; name = Base; path = Base.lproj/LaunchScreen.storyboard; sourceTree = "<group>"; };
		38C16C84215D5C2B00928184 /* Info.plist */ = {isa = PBXFileReference; lastKnownFileType = text.plist.xml; path = Info.plist; sourceTree = "<group>"; };
		38C16C89215D5C2C00928184 /* PitchPerfectTests.xctest */ = {isa = PBXFileReference; explicitFileType = wrapper.cfbundle; includeInIndex = 0; path = PitchPerfectTests.xctest; sourceTree = BUILT_PRODUCTS_DIR; };
		38C16C8D215D5C2C00928184 /* PitchPerfectTests.swift */ = {isa = PBXFileReference; lastKnownFileType = sourcecode.swift; path = PitchPerfectTests.swift; sourceTree = "<group>"; };
		38C16C8F215D5C2C00928184 /* Info.plist */ = {isa = PBXFileReference; lastKnownFileType = text.plist.xml; path = Info.plist; sourceTree = "<group>"; };
		38C16C94215D5C2C00928184 /* PitchPerfectUITests.xctest */ = {isa = PBXFileReference; explicitFileType = wrapper.cfbundle; includeInIndex = 0; path = PitchPerfectUITests.xctest; sourceTree = BUILT_PRODUCTS_DIR; };
		38C16C98215D5C2C00928184 /* PitchPerfectUITests.swift */ = {isa = PBXFileReference; lastKnownFileType = sourcecode.swift; path = PitchPerfectUITests.swift; sourceTree = "<group>"; };
		38C16C9A215D5C2C00928184 /* Info.plist */ = {isa = PBXFileReference; lastKnownFileType = text.plist.xml; path = Info.plist; sourceTree = "<group>"; };
		38C16CA6215DB36900928184 /* PlaySoundsViewController.swift */ = {isa = PBXFileReference; lastKnownFileType = sourcecode.swift; path = PlaySoundsViewController.swift; sourceTree = "<group>"; };
		38C16CA8215E8D6C00928184 /* playsoundsviewcontroller-audio.swift */ = {isa = PBXFileReference; fileEncoding = 4; lastKnownFileType = sourcecode.swift; path = "playsoundsviewcontroller-audio.swift"; sourceTree = "<group>"; };
/* End PBXFileReference section */

/* Begin PBXFrameworksBuildPhase section */
		38C16C72215D5C2800928184 /* Frameworks */ = {
			isa = PBXFrameworksBuildPhase;
			buildActionMask = 2147483647;
			files = (
			);
			runOnlyForDeploymentPostprocessing = 0;
		};
		38C16C86215D5C2C00928184 /* Frameworks */ = {
			isa = PBXFrameworksBuildPhase;
			buildActionMask = 2147483647;
			files = (
			);
			runOnlyForDeploymentPostprocessing = 0;
		};
		38C16C91215D5C2C00928184 /* Frameworks */ = {
			isa = PBXFrameworksBuildPhase;
			buildActionMask = 2147483647;
			files = (
			);
			runOnlyForDeploymentPostprocessing = 0;
		};
/* End PBXFrameworksBuildPhase section */

/* Begin PBXGroup section */
		38C16C6C215D5C2800928184 = {
			isa = PBXGroup;
			children = (
				38C16C77215D5C2800928184 /* PitchPerfect */,
				38C16C8C215D5C2C00928184 /* PitchPerfectTests */,
				38C16C97215D5C2C00928184 /* PitchPerfectUITests */,
				38C16C76215D5C2800928184 /* Products */,
			);
			sourceTree = "<group>";
		};
		38C16C76215D5C2800928184 /* Products */ = {
			isa = PBXGroup;
			children = (
				38C16C75215D5C2800928184 /* PitchPerfect.app */,
				38C16C89215D5C2C00928184 /* PitchPerfectTests.xctest */,
				38C16C94215D5C2C00928184 /* PitchPerfectUITests.xctest */,
			);
			name = Products;
			sourceTree = "<group>";
		};
		38C16C77215D5C2800928184 /* PitchPerfect */ = {
			isa = PBXGroup;
			children = (
				38C16C78215D5C2800928184 /* AppDelegate.swift */,
				38C16C7A215D5C2800928184 /* RecordSoundsViewController.swift */,
				38C16C7C215D5C2800928184 /* Main.storyboard */,
				38C16C7F215D5C2B00928184 /* Assets.xcassets */,
				38C16C81215D5C2B00928184 /* LaunchScreen.storyboard */,
				38C16C84215D5C2B00928184 /* Info.plist */,
				38C16CA6215DB36900928184 /* PlaySoundsViewController.swift */,
				38C16CA8215E8D6C00928184 /* playsoundsviewcontroller-audio.swift */,
			);
			path = PitchPerfect;
			sourceTree = "<group>";
		};
		38C16C8C215D5C2C00928184 /* PitchPerfectTests */ = {
			isa = PBXGroup;
			children = (
				38C16C8D215D5C2C00928184 /* PitchPerfectTests.swift */,
				38C16C8F215D5C2C00928184 /* Info.plist */,
			);
			path = PitchPerfectTests;
			sourceTree = "<group>";
		};
		38C16C97215D5C2C00928184 /* PitchPerfectUITests */ = {
			isa = PBXGroup;
			children = (
				38C16C98215D5C2C00928184 /* PitchPerfectUITests.swift */,
				38C16C9A215D5C2C00928184 /* Info.plist */,
			);
			path = PitchPerfectUITests;
			sourceTree = "<group>";
		};
/* End PBXGroup section */

/* Begin PBXNativeTarget section */
		38C16C74215D5C2800928184 /* PitchPerfect */ = {
			isa = PBXNativeTarget;
			buildConfigurationList = 38C16C9D215D5C2C00928184 /* Build configuration list for PBXNativeTarget "PitchPerfect" */;
			buildPhases = (
				38C16C71215D5C2800928184 /* Sources */,
				38C16C72215D5C2800928184 /* Frameworks */,
				38C16C73215D5C2800928184 /* Resources */,
			);
			buildRules = (
			);
			dependencies = (
			);
			name = PitchPerfect;
			productName = PitchPerfect;
			productReference = 38C16C75215D5C2800928184 /* PitchPerfect.app */;
			productType = "com.apple.product-type.application";
		};
		38C16C88215D5C2C00928184 /* PitchPerfectTests */ = {
			isa = PBXNativeTarget;
			buildConfigurationList = 38C16CA0215D5C2C00928184 /* Build configuration list for PBXNativeTarget "PitchPerfectTests" */;
			buildPhases = (
				38C16C85215D5C2C00928184 /* Sources */,
				38C16C86215D5C2C00928184 /* Frameworks */,
				38C16C87215D5C2C00928184 /* Resources */,
			);
			buildRules = (
			);
			dependencies = (
				38C16C8B215D5C2C00928184 /* PBXTargetDependency */,
			);
			name = PitchPerfectTests;
			productName = PitchPerfectTests;
			productReference = 38C16C89215D5C2C00928184 /* PitchPerfectTests.xctest */;
			productType = "com.apple.product-type.bundle.unit-test";
		};
		38C16C93215D5C2C00928184 /* PitchPerfectUITests */ = {
			isa = PBXNativeTarget;
			buildConfigurationList = 38C16CA3215D5C2C00928184 /* Build configuration list for PBXNativeTarget "PitchPerfectUITests" */;
			buildPhases = (
				38C16C90215D5C2C00928184 /* Sources */,
				38C16C91215D5C2C00928184 /* Frameworks */,
				38C16C92215D5C2C00928184 /* Resources */,
			);
			buildRules = (
			);
			dependencies = (
				38C16C96215D5C2C00928184 /* PBXTargetDependency */,
			);
			name = PitchPerfectUITests;
			productName = PitchPerfectUITests;
			productReference = 38C16C94215D5C2C00928184 /* PitchPerfectUITests.xctest */;
			productType = "com.apple.product-type.bundle.ui-testing";
		};
/* End PBXNativeTarget section */

/* Begin PBXProject section */
		38C16C6D215D5C2800928184 /* Project object */ = {
			isa = PBXProject;
			attributes = {
				LastSwiftUpdateCheck = 0940;
				LastUpgradeCheck = 0940;
				ORGANIZATIONNAME = Vanglar;
				TargetAttributes = {
					38C16C74215D5C2800928184 = {
						CreatedOnToolsVersion = 9.4.1;
					};
					38C16C88215D5C2C00928184 = {
						CreatedOnToolsVersion = 9.4.1;
						TestTargetID = 38C16C74215D5C2800928184;
					};
					38C16C93215D5C2C00928184 = {
						CreatedOnToolsVersion = 9.4.1;
						TestTargetID = 38C16C74215D5C2800928184;
					};
				};
			};
			buildConfigurationList = 38C16C70215D5C2800928184 /* Build configuration list for PBXProject "PitchPerfect" */;
			compatibilityVersion = "Xcode 9.3";
			developmentRegion = en;
			hasScannedForEncodings = 0;
			knownRegions = (
				en,
				Base,
			);
			mainGroup = 38C16C6C215D5C2800928184;
			productRefGroup = 38C16C76215D5C2800928184 /* Products */;
			projectDirPath = "";
			projectRoot = "";
			targets = (
				38C16C74215D5C2800928184 /* PitchPerfect */,
				38C16C88215D5C2C00928184 /* PitchPerfectTests */,
				38C16C93215D5C2C00928184 /* PitchPerfectUITests */,
			);
		};
/* End PBXProject section */

/* Begin PBXResourcesBuildPhase section */
		38C16C73215D5C2800928184 /* Resources */ = {
			isa = PBXResourcesBuildPhase;
			buildActionMask = 2147483647;
			files = (
				38C16C83215D5C2B00928184 /* LaunchScreen.storyboard in Resources */,
				38C16C80215D5C2B00928184 /* Assets.xcassets in Resources */,
				38C16C7E215D5C2800928184 /* Main.storyboard in Resources */,
			);
			runOnlyForDeploymentPostprocessing = 0;
		};
		38C16C87215D5C2C00928184 /* Resources */ = {
			isa = PBXResourcesBuildPhase;
			buildActionMask = 2147483647;
			files = (
			);
			runOnlyForDeploymentPostprocessing = 0;
		};
		38C16C92215D5C2C00928184 /* Resources */ = {
			isa = PBXResourcesBuildPhase;
			buildActionMask = 2147483647;
			files = (
			);
			runOnlyForDeploymentPostprocessing = 0;
		};
/* End PBXResourcesBuildPhase section */

/* Begin PBXSourcesBuildPhase section */
		38C16C71215D5C2800928184 /* Sources */ = {
			isa = PBXSourcesBuildPhase;
			buildActionMask = 2147483647;
			files = (
				38C16C7B215D5C2800928184 /* RecordSoundsViewController.swift in Sources */,
				38C16CA7215DB36900928184 /* PlaySoundsViewController.swift in Sources */,
				38C16C79215D5C2800928184 /* AppDelegate.swift in Sources */,
				38C16CA9215E8D6C00928184 /* playsoundsviewcontroller-audio.swift in Sources */,
			);
			runOnlyForDeploymentPostprocessing = 0;
		};
		38C16C85215D5C2C00928184 /* Sources */ = {
			isa = PBXSourcesBuildPhase;
			buildActionMask = 2147483647;
			files = (
				38C16C8E215D5C2C00928184 /* PitchPerfectTests.swift in Sources */,
			);
			runOnlyForDeploymentPostprocessing = 0;
		};
		38C16C90215D5C2C00928184 /* Sources */ = {
			isa = PBXSourcesBuildPhase;
			buildActionMask = 2147483647;
			files = (
				38C16C99215D5C2C00928184 /* PitchPerfectUITests.swift in Sources */,
			);
			runOnlyForDeploymentPostprocessing = 0;
		};
/* End PBXSourcesBuildPhase section */

/* Begin PBXTargetDependency section */
		38C16C8B215D5C2C00928184 /* PBXTargetDependency */ = {
			isa = PBXTargetDependency;
			target = 38C16C74215D5C2800928184 /* PitchPerfect */;
			targetProxy = 38C16C8A215D5C2C00928184 /* PBXContainerItemProxy */;
		};
		38C16C96215D5C2C00928184 /* PBXTargetDependency */ = {
			isa = PBXTargetDependency;
			target = 38C16C74215D5C2800928184 /* PitchPerfect */;
			targetProxy = 38C16C95215D5C2C00928184 /* PBXContainerItemProxy */;
		};
/* End PBXTargetDependency section */

/* Begin PBXVariantGroup section */
		38C16C7C215D5C2800928184 /* Main.storyboard */ = {
			isa = PBXVariantGroup;
			children = (
				38C16C7D215D5C2800928184 /* Base */,
			);
			name = Main.storyboard;
			sourceTree = "<group>";
		};
		38C16C81215D5C2B00928184 /* LaunchScreen.storyboard */ = {
			isa = PBXVariantGroup;
			children = (
				38C16C82215D5C2B00928184 /* Base */,
			);
			name = LaunchScreen.storyboard;
			sourceTree = "<group>";
		};
/* End PBXVariantGroup section */

/* Begin XCBuildConfiguration section */
		38C16C9B215D5C2C00928184 /* Debug */ = {
			isa = XCBuildConfiguration;
			buildSettings = {
				ALWAYS_SEARCH_USER_PATHS = NO;
				CLANG_ANALYZER_NONNULL = YES;
				CLANG_ANALYZER_NUMBER_OBJECT_CONVERSION = YES_AGGRESSIVE;
				CLANG_CXX_LANGUAGE_STANDARD = "gnu++14";
				CLANG_CXX_LIBRARY = "libc++";
				CLANG_ENABLE_MODULES = YES;
				CLANG_ENABLE_OBJC_ARC = YES;
				CLANG_ENABLE_OBJC_WEAK = YES;
				CLANG_WARN_BLOCK_CAPTURE_AUTORELEASING = YES;
				CLANG_WARN_BOOL_CONVERSION = YES;
				CLANG_WARN_COMMA = YES;
				CLANG_WARN_CONSTANT_CONVERSION = YES;
				CLANG_WARN_DEPRECATED_OBJC_IMPLEMENTATIONS = YES;
				CLANG_WARN_DIRECT_OBJC_ISA_USAGE = YES_ERROR;
				CLANG_WARN_DOCUMENTATION_COMMENTS = YES;
				CLANG_WARN_EMPTY_BODY = YES;
				CLANG_WARN_ENUM_CONVERSION = YES;
				CLANG_WARN_INFINITE_RECURSION = YES;
				CLANG_WARN_INT_CONVERSION = YES;
				CLANG_WARN_NON_LITERAL_NULL_CONVERSION = YES;
				CLANG_WARN_OBJC_IMPLICIT_RETAIN_SELF = YES;
				CLANG_WARN_OBJC_LITERAL_CONVERSION = YES;
				CLANG_WARN_OBJC_ROOT_CLASS = YES_ERROR;
				CLANG_WARN_RANGE_LOOP_ANALYSIS = YES;
				CLANG_WARN_STRICT_PROTOTYPES = YES;
				CLANG_WARN_SUSPICIOUS_MOVE = YES;
				CLANG_WARN_UNGUARDED_AVAILABILITY = YES_AGGRESSIVE;
				CLANG_WARN_UNREACHABLE_CODE = YES;
				CLANG_WARN__DUPLICATE_METHOD_MATCH = YES;
				CODE_SIGN_IDENTITY = "iPhone Developer";
				COPY_PHASE_STRIP = NO;
				DEBUG_INFORMATION_FORMAT = dwarf;
				ENABLE_STRICT_OBJC_MSGSEND = YES;
				ENABLE_TESTABILITY = YES;
				GCC_C_LANGUAGE_STANDARD = gnu11;
				GCC_DYNAMIC_NO_PIC = NO;
				GCC_NO_COMMON_BLOCKS = YES;
				GCC_OPTIMIZATION_LEVEL = 0;
				GCC_PREPROCESSOR_DEFINITIONS = (
					"DEBUG=1",
					"$(inherited)",
				);
				GCC_WARN_64_TO_32_BIT_CONVERSION = YES;
				GCC_WARN_ABOUT_RETURN_TYPE = YES_ERROR;
				GCC_WARN_UNDECLARED_SELECTOR = YES;
				GCC_WARN_UNINITIALIZED_AUTOS = YES_AGGRESSIVE;
				GCC_WARN_UNUSED_FUNCTION = YES;
				GCC_WARN_UNUSED_VARIABLE = YES;
				IPHONEOS_DEPLOYMENT_TARGET = 11.4;
				MTL_ENABLE_DEBUG_INFO = YES;
				ONLY_ACTIVE_ARCH = YES;
				SDKROOT = iphoneos;
				SWIFT_ACTIVE_COMPILATION_CONDITIONS = DEBUG;
				SWIFT_OPTIMIZATION_LEVEL = "-Onone";
			};
			name = Debug;
		};
		38C16C9C215D5C2C00928184 /* Release */ = {
			isa = XCBuildConfiguration;
			buildSettings = {
				ALWAYS_SEARCH_USER_PATHS = NO;
				CLANG_ANALYZER_NONNULL = YES;
				CLANG_ANALYZER_NUMBER_OBJECT_CONVERSION = YES_AGGRESSIVE;
				CLANG_CXX_LANGUAGE_STANDARD = "gnu++14";
				CLANG_CXX_LIBRARY = "libc++";
				CLANG_ENABLE_MODULES = YES;
				CLANG_ENABLE_OBJC_ARC = YES;
				CLANG_ENABLE_OBJC_WEAK = YES;
				CLANG_WARN_BLOCK_CAPTURE_AUTORELEASING = YES;
				CLANG_WARN_BOOL_CONVERSION = YES;
				CLANG_WARN_COMMA = YES;
				CLANG_WARN_CONSTANT_CONVERSION = YES;
				CLANG_WARN_DEPRECATED_OBJC_IMPLEMENTATIONS = YES;
				CLANG_WARN_DIRECT_OBJC_ISA_USAGE = YES_ERROR;
				CLANG_WARN_DOCUMENTATION_COMMENTS = YES;
				CLANG_WARN_EMPTY_BODY = YES;
				CLANG_WARN_ENUM_CONVERSION = YES;
				CLANG_WARN_INFINITE_RECURSION = YES;
				CLANG_WARN_INT_CONVERSION = YES;
				CLANG_WARN_NON_LITERAL_NULL_CONVERSION = YES;
				CLANG_WARN_OBJC_IMPLICIT_RETAIN_SELF = YES;
				CLANG_WARN_OBJC_LITERAL_CONVERSION = YES;
				CLANG_WARN_OBJC_ROOT_CLASS = YES_ERROR;
				CLANG_WARN_RANGE_LOOP_ANALYSIS = YES;
				CLANG_WARN_STRICT_PROTOTYPES = YES;
				CLANG_WARN_SUSPICIOUS_MOVE = YES;
				CLANG_WARN_UNGUARDED_AVAILABILITY = YES_AGGRESSIVE;
				CLANG_WARN_UNREACHABLE_CODE = YES;
				CLANG_WARN__DUPLICATE_METHOD_MATCH = YES;
				CODE_SIGN_IDENTITY = "iPhone Developer";
				COPY_PHASE_STRIP = NO;
				DEBUG_INFORMATION_FORMAT = "dwarf-with-dsym";
				ENABLE_NS_ASSERTIONS = NO;
				ENABLE_STRICT_OBJC_MSGSEND = YES;
				GCC_C_LANGUAGE_STANDARD = gnu11;
				GCC_NO_COMMON_BLOCKS = YES;
				GCC_WARN_64_TO_32_BIT_CONVERSION = YES;
				GCC_WARN_ABOUT_RETURN_TYPE = YES_ERROR;
				GCC_WARN_UNDECLARED_SELECTOR = YES;
				GCC_WARN_UNINITIALIZED_AUTOS = YES_AGGRESSIVE;
				GCC_WARN_UNUSED_FUNCTION = YES;
				GCC_WARN_UNUSED_VARIABLE = YES;
				IPHONEOS_DEPLOYMENT_TARGET = 11.4;
				MTL_ENABLE_DEBUG_INFO = NO;
				SDKROOT = iphoneos;
				SWIFT_COMPILATION_MODE = wholemodule;
				SWIFT_OPTIMIZATION_LEVEL = "-O";
				VALIDATE_PRODUCT = YES;
			};
			name = Release;
		};
		38C16C9E215D5C2C00928184 /* Debug */ = {
			isa = XCBuildConfiguration;
			buildSettings = {
				ASSETCATALOG_COMPILER_APPICON_NAME = AppIcon;
				CODE_SIGN_STYLE = Automatic;
				DEVELOPMENT_TEAM = THLNFV4G2X;
				INFOPLIST_FILE = PitchPerfect/Info.plist;
				LD_RUNPATH_SEARCH_PATHS = (
					"$(inherited)",
					"@executable_path/Frameworks",
				);
				PRODUCT_BUNDLE_IDENTIFIER = com.wordpress.jitoledo.PitchPerfect;
				PRODUCT_NAME = "$(TARGET_NAME)";
				SWIFT_VERSION = 4.0;
				TARGETED_DEVICE_FAMILY = "1,2";
			};
			name = Debug;
		};
		38C16C9F215D5C2C00928184 /* Release */ = {
			isa = XCBuildConfiguration;
			buildSettings = {
				ASSETCATALOG_COMPILER_APPICON_NAME = AppIcon;
				CODE_SIGN_STYLE = Automatic;
				DEVELOPMENT_TEAM = THLNFV4G2X;
				INFOPLIST_FILE = PitchPerfect/Info.plist;
				LD_RUNPATH_SEARCH_PATHS = (
					"$(inherited)",
					"@executable_path/Frameworks",
				);
				PRODUCT_BUNDLE_IDENTIFIER = com.wordpress.jitoledo.PitchPerfect;
				PRODUCT_NAME = "$(TARGET_NAME)";
				SWIFT_VERSION = 4.0;
				TARGETED_DEVICE_FAMILY = "1,2";
			};
			name = Release;
		};
		38C16CA1215D5C2C00928184 /* Debug */ = {
			isa = XCBuildConfiguration;
			buildSettings = {
				ALWAYS_EMBED_SWIFT_STANDARD_LIBRARIES = YES;
				BUNDLE_LOADER = "$(TEST_HOST)";
				CODE_SIGN_STYLE = Automatic;
				DEVELOPMENT_TEAM = THLNFV4G2X;
				INFOPLIST_FILE = PitchPerfectTests/Info.plist;
				LD_RUNPATH_SEARCH_PATHS = (
					"$(inherited)",
					"@executable_path/Frameworks",
					"@loader_path/Frameworks",
				);
				PRODUCT_BUNDLE_IDENTIFIER = com.wordpress.jitoledo.PitchPerfectTests;
				PRODUCT_NAME = "$(TARGET_NAME)";
				SWIFT_VERSION = 4.0;
				TARGETED_DEVICE_FAMILY = "1,2";
				TEST_HOST = "$(BUILT_PRODUCTS_DIR)/PitchPerfect.app/PitchPerfect";
			};
			name = Debug;
		};
		38C16CA2215D5C2C00928184 /* Release */ = {
			isa = XCBuildConfiguration;
			buildSettings = {
				ALWAYS_EMBED_SWIFT_STANDARD_LIBRARIES = YES;
				BUNDLE_LOADER = "$(TEST_HOST)";
				CODE_SIGN_STYLE = Automatic;
				DEVELOPMENT_TEAM = THLNFV4G2X;
				INFOPLIST_FILE = PitchPerfectTests/Info.plist;
				LD_RUNPATH_SEARCH_PATHS = (
					"$(inherited)",
					"@executable_path/Frameworks",
					"@loader_path/Frameworks",
				);
				PRODUCT_BUNDLE_IDENTIFIER = com.wordpress.jitoledo.PitchPerfectTests;
				PRODUCT_NAME = "$(TARGET_NAME)";
				SWIFT_VERSION = 4.0;
				TARGETED_DEVICE_FAMILY = "1,2";
				TEST_HOST = "$(BUILT_PRODUCTS_DIR)/PitchPerfect.app/PitchPerfect";
			};
			name = Release;
		};
		38C16CA4215D5C2C00928184 /* Debug */ = {
			isa = XCBuildConfiguration;
			buildSettings = {
				ALWAYS_EMBED_SWIFT_STANDARD_LIBRARIES = YES;
				CODE_SIGN_STYLE = Automatic;
				DEVELOPMENT_TEAM = THLNFV4G2X;
				INFOPLIST_FILE = PitchPerfectUITests/Info.plist;
				LD_RUNPATH_SEARCH_PATHS = (
					"$(inherited)",
					"@executable_path/Frameworks",
					"@loader_path/Frameworks",
				);
				PRODUCT_BUNDLE_IDENTIFIER = com.wordpress.jitoledo.PitchPerfectUITests;
				PRODUCT_NAME = "$(TARGET_NAME)";
				SWIFT_VERSION = 4.0;
				TARGETED_DEVICE_FAMILY = "1,2";
				TEST_TARGET_NAME = PitchPerfect;
			};
			name = Debug;
		};
		38C16CA5215D5C2C00928184 /* Release */ = {
			isa = XCBuildConfiguration;
			buildSettings = {
				ALWAYS_EMBED_SWIFT_STANDARD_LIBRARIES = YES;
				CODE_SIGN_STYLE = Automatic;
				DEVELOPMENT_TEAM = THLNFV4G2X;
				INFOPLIST_FILE = PitchPerfectUITests/Info.plist;
				LD_RUNPATH_SEARCH_PATHS = (
					"$(inherited)",
					"@executable_path/Frameworks",
					"@loader_path/Frameworks",
				);
				PRODUCT_BUNDLE_IDENTIFIER = com.wordpress.jitoledo.PitchPerfectUITests;
				PRODUCT_NAME = "$(TARGET_NAME)";
				SWIFT_VERSION = 4.0;
				TARGETED_DEVICE_FAMILY = "1,2";
				TEST_TARGET_NAME = PitchPerfect;
			};
			name = Release;
		};
/* End XCBuildConfiguration section */

/* Begin XCConfigurationList section */
		38C16C70215D5C2800928184 /* Build configuration list for PBXProject "PitchPerfect" */ = {
			isa = XCConfigurationList;
			buildConfigurations = (
				38C16C9B215D5C2C00928184 /* Debug */,
				38C16C9C215D5C2C00928184 /* Release */,
			);
			defaultConfigurationIsVisible = 0;
			defaultConfigurationName = Release;
		};
		38C16C9D215D5C2C00928184 /* Build configuration list for PBXNativeTarget "PitchPerfect" */ = {
			isa = XCConfigurationList;
			buildConfigurations = (
				38C16C9E215D5C2C00928184 /* Debug */,
				38C16C9F215D5C2C00928184 /* Release */,
			);
			defaultConfigurationIsVisible = 0;
			defaultConfigurationName = Release;
		};
		38C16CA0215D5C2C00928184 /* Build configuration list for PBXNativeTarget "PitchPerfectTests" */ = {
			isa = XCConfigurationList;
			buildConfigurations = (
				38C16CA1215D5C2C00928184 /* Debug */,
				38C16CA2215D5C2C00928184 /* Release */,
			);
			defaultConfigurationIsVisible = 0;
			defaultConfigurationName = Release;
		};
		38C16CA3215D5C2C00928184 /* Build configuration list for PBXNativeTarget "PitchPerfectUITests" */ = {
			isa = XCConfigurationList;
			buildConfigurations = (
				38C16CA4215D5C2C00928184 /* Debug */,
				38C16CA5215D5C2C00928184 /* Release */,
			);
			defaultConfigurationIsVisible = 0;
			defaultConfigurationName = Release;
		};
/* End XCConfigurationList section */
	};
	rootObject = 38C16C6D215D5C2800928184 /* Project object */;
}
